
Microsoft Visual Studio Solution File, Format Version 12.00
# Visual Studio Version 16
VisualStudioVersion = 16.0.29001.49
MinimumVisualStudioVersion = 10.0.40219.1
Project("{FAE04EC0-301F-11D3-BF4B-00C04F79EFBC}") = "Rekonstrukcja", "Rekonstrukcja.csproj", "{446E8B82-5C55-480D-872F-220ECB8B5C09}"
EndProject
Project("{FAE04EC0-301F-11D3-BF4B-00C04F79EFBC}") = "RandomInputGenerator", "RandomInputGenerator\RandomInputGenerator.csproj", "{78E3A7A0-5E7B-48F3-A8CC-27A7CF22E84B}"
EndProject
Project("{FAE04EC0-301F-11D3-BF4B-00C04F79EFBC}") = "RekonstrukcjaTest", "RekonstrukcjaTest\RekonstrukcjaTest.csproj", "{50FAAAD9-DCE3-4388-BA1A-37F0CAD4C522}"
	ProjectSection(ProjectDependencies) = postProject
		{446E8B82-5C55-480D-872F-220ECB8B5C09} = {446E8B82-5C55-480D-872F-220ECB8B5C09}
	EndProjectSection
EndProject
Global
	GlobalSection(SolutionConfigurationPlatforms) = preSolution
		Debug|Any CPU = Debug|Any CPU
		Release|Any CPU = Release|Any CPU
	EndGlobalSection
	GlobalSection(ProjectConfigurationPlatforms) = postSolution
		{446E8B82-5C55-480D-872F-220ECB8B5C09}.Debug|Any CPU.ActiveCfg = Debug|Any CPU
		{446E8B82-5C55-480D-872F-220ECB8B5C09}.Debug|Any CPU.Build.0 = Debug|Any CPU
		{446E8B82-5C55-480D-872F-220ECB8B5C09}.Release|Any CPU.ActiveCfg = Release|Any CPU
		{446E8B82-5C55-480D-872F-220ECB8B5C09}.Release|Any CPU.Build.0 = Release|Any CPU
		{78E3A7A0-5E7B-48F3-A8CC-27A7CF22E84B}.Debug|Any CPU.ActiveCfg = Debug|Any CPU
		{78E3A7A0-5E7B-48F3-A8CC-27A7CF22E84B}.Debug|Any CPU.Build.0 = Debug|Any CPU
		{78E3A7A0-5E7B-48F3-A8CC-27A7CF22E84B}.Release|Any CPU.ActiveCfg = Release|Any CPU
		{78E3A7A0-5E7B-48F3-A8CC-27A7CF22E84B}.Release|Any CPU.Build.0 = Release|Any CPU
		{50FAAAD9-DCE3-4388-BA1A-37F0CAD4C522}.Debug|Any CPU.ActiveCfg = Debug|Any CPU
		{50FAAAD9-DCE3-4388-BA1A-37F0CAD4C522}.Debug|Any CPU.Build.0 = Debug|Any CPU
		{50FAAAD9-DCE3-4388-BA1A-37F0CAD4C522}.Release|Any CPU.ActiveCfg = Release|Any CPU
		{50FAAAD9-DCE3-4388-BA1A-37F0CAD4C522}.Release|Any CPU.Build.0 = Release|Any CPU
	EndGlobalSection
	GlobalSection(SolutionProperties) = preSolution
		HideSolutionNode = FALSE
	EndGlobalSection
	GlobalSection(ExtensibilityGlobals) = postSolution
		SolutionGuid = {A9331E3F-C5A5-479C-B91B-A2B19189CDFB}
	EndGlobalSection
EndGlobal
